# THIS IS AN AUTOGENERATED FILE. DO NOT EDIT THIS FILE DIRECTLY.
# yarn lockfile v1


abstract-leveldown@~2.6.0:
  version "2.6.3"
  resolved "https://registry.yarnpkg.com/abstract-leveldown/-/abstract-leveldown-2.6.3.tgz#1c5e8c6a5ef965ae8c35dfb3a8770c476b82c4b8"
  dependencies:
    xtend "~4.0.0"

abstract-leveldown@~2.7.1:
  version "2.7.2"
  resolved "https://registry.yarnpkg.com/abstract-leveldown/-/abstract-leveldown-2.7.2.tgz#87a44d7ebebc341d59665204834c8b7e0932cc93"
  dependencies:
    xtend "~4.0.0"

callback-stream@^1.1.0:
  version "1.1.0"
  resolved "https://registry.yarnpkg.com/callback-stream/-/callback-stream-1.1.0.tgz#4701a51266f06e06eaa71fc17233822d875f4908"
  dependencies:
    inherits "^2.0.1"
    readable-stream "> 1.0.0 < 3.0.0"

core-util-is@~1.0.0:
  version "1.0.2"
  resolved "https://registry.yarnpkg.com/core-util-is/-/core-util-is-1.0.2.tgz#b5fd54220aa2bc5ab57aab7140c940754503c1a7"

deferred-leveldown@~1.2.1:
  version "1.2.2"
  resolved "https://registry.yarnpkg.com/deferred-leveldown/-/deferred-leveldown-1.2.2.tgz#3acd2e0b75d1669924bc0a4b642851131173e1eb"
  dependencies:
    abstract-leveldown "~2.6.0"

end-of-stream@^1.1.0:
  version "1.4.0"
  resolved "https://registry.yarnpkg.com/end-of-stream/-/end-of-stream-1.4.0.tgz#7a90d833efda6cfa6eac0f4949dbb0fad3a63206"
  dependencies:
    once "^1.4.0"

errno@~0.1.1:
  version "0.1.4"
  resolved "https://registry.yarnpkg.com/errno/-/errno-0.1.4.tgz#b896e23a9e5e8ba33871fc996abd3635fc9a1c7d"
  dependencies:
    prr "~0.0.0"

fastfall@^1.5.0:
  version "1.5.1"
  resolved "https://registry.yarnpkg.com/fastfall/-/fastfall-1.5.1.tgz#3fee03331a49d1d39b3cdf7a5e9cd66f475e7b94"
  dependencies:
    reusify "^1.0.0"

fastparallel@^2.2.0:
  version "2.3.0"
  resolved "https://registry.yarnpkg.com/fastparallel/-/fastparallel-2.3.0.tgz#1e709bfb6a03993f3857e3ce7f01311ce7602613"
  dependencies:
    reusify "^1.0.0"
    xtend "^4.0.1"

fastq@^1.3.0:
  version "1.5.0"
  resolved "https://registry.yarnpkg.com/fastq/-/fastq-1.5.0.tgz#05e32ffb999ec2d945dda27461bf08941436448b"
  dependencies:
    reusify "^1.0.0"

fastseries@^1.7.0:
  version "1.7.2"
  resolved "https://registry.yarnpkg.com/fastseries/-/fastseries-1.7.2.tgz#d22ce13b9433dff3388d91dbd6b8bda9b21a0f4b"
  dependencies:
    reusify "^1.0.0"
    xtend "^4.0.0"

functional-red-black-tree@^1.0.1:
  version "1.0.1"
  resolved "https://registry.yarnpkg.com/functional-red-black-tree/-/functional-red-black-tree-1.0.1.tgz#1b0ab3bd553b2a0d6399d29c0e3ea0b252078327"

immediate@^3.2.3:
  version "3.2.3"
  resolved "https://registry.yarnpkg.com/immediate/-/immediate-3.2.3.tgz#d140fa8f614659bd6541233097ddaac25cdd991c"

inherits@^2.0.1, inherits@~2.0.1, inherits@~2.0.3:
  version "2.0.3"
  resolved "https://registry.yarnpkg.com/inherits/-/inherits-2.0.3.tgz#633c2c83e3da42a502f52466022480f4208261de"

isarray@0.0.1:
  version "0.0.1"
  resolved "https://registry.yarnpkg.com/isarray/-/isarray-0.0.1.tgz#8a18acfca9a8f4177e09abfc6038939b05d1eedf"

isarray@~1.0.0:
  version "1.0.0"
  resolved "https://registry.yarnpkg.com/isarray/-/isarray-1.0.0.tgz#bb935d48582cba168c06834957a54a3e07124f11"

level-codec@~7.0.0:
  version "7.0.1"
  resolved "https://registry.yarnpkg.com/level-codec/-/level-codec-7.0.1.tgz#341f22f907ce0f16763f24bddd681e395a0fb8a7"

level-errors@^1.0.3:
  version "1.1.1"
  resolved "https://registry.yarnpkg.com/level-errors/-/level-errors-1.1.1.tgz#52fdc2dbbaf395cf767db843929a38b7015678d2"
  dependencies:
    errno "~0.1.1"

level-errors@~1.0.3:
  version "1.0.5"
  resolved "https://registry.yarnpkg.com/level-errors/-/level-errors-1.0.5.tgz#83dbfb12f0b8a2516bdc9a31c4876038e227b859"
  dependencies:
    errno "~0.1.1"

level-iterator-stream@~1.3.0:
  version "1.3.1"
  resolved "https://registry.yarnpkg.com/level-iterator-stream/-/level-iterator-stream-1.3.1.tgz#e43b78b1a8143e6fa97a4f485eb8ea530352f2ed"
  dependencies:
    inherits "^2.0.1"
    level-errors "^1.0.3"
    readable-stream "^1.0.33"
    xtend "^4.0.0"

level-mem@^1.0.1:
  version "1.0.1"
  resolved "https://registry.yarnpkg.com/level-mem/-/level-mem-1.0.1.tgz#053d0ea52b7c488fa386dedf45f9fccee263ffac"
  dependencies:
    level-packager "~1.2.1"
    memdown "~1.4.1"

level-packager@~1.2.1:
  version "1.2.1"
  resolved "https://registry.yarnpkg.com/level-packager/-/level-packager-1.2.1.tgz#067fedfd072b7fe3c6bec6080c0cbd4a6b2e11f4"
  dependencies:
    levelup "~1.3.0"

level-ws@^0.1.0:
  version "0.1.0"
  resolved "https://registry.yarnpkg.com/level-ws/-/level-ws-0.1.0.tgz#9728f02f3e7f34607f05010c1e4a83242e90b0b2"
  dependencies:
    readable-stream "^2.2.8"
    xtend "^4.0.0"

levelgraph@^2.1.1:
  version "2.1.1"
  resolved "https://registry.yarnpkg.com/levelgraph/-/levelgraph-2.1.1.tgz#4148eff293d48df8e6abdfae5f692270d643d650"
  dependencies:
    callback-stream "^1.1.0"
    inherits "^2.0.1"
    level-ws "^0.1.0"
    lodash.keys "^4.0.6"
    pump "^1.0.1"
    readable-stream "^2.2.10"
    steed "^1.1.3"
    xtend "^4.0.0"

levelup@~1.3.0:
  version "1.3.9"
  resolved "https://registry.yarnpkg.com/levelup/-/levelup-1.3.9.tgz#2dbcae845b2bb2b6bea84df334c475533bbd82ab"
  dependencies:
    deferred-leveldown "~1.2.1"
    level-codec "~7.0.0"
    level-errors "~1.0.3"
    level-iterator-stream "~1.3.0"
    prr "~1.0.1"
    semver "~5.4.1"
    xtend "~4.0.0"

lodash.keys@^4.0.6:
  version "4.2.0"
  resolved "https://registry.yarnpkg.com/lodash.keys/-/lodash.keys-4.2.0.tgz#a08602ac12e4fb83f91fc1fb7a360a4d9ba35205"

ltgt@~2.2.0:
  version "2.2.0"
  resolved "https://registry.yarnpkg.com/ltgt/-/ltgt-2.2.0.tgz#b65ba5fcb349a29924c8e333f7c6a5562f2e4842"

memdown@~1.4.1:
  version "1.4.1"
  resolved "https://registry.yarnpkg.com/memdown/-/memdown-1.4.1.tgz#b4e4e192174664ffbae41361aa500f3119efe215"
  dependencies:
    abstract-leveldown "~2.7.1"
    functional-red-black-tree "^1.0.1"
    immediate "^3.2.3"
    inherits "~2.0.1"
    ltgt "~2.2.0"
    safe-buffer "~5.1.1"

once@^1.3.1, once@^1.4.0:
  version "1.4.0"
  resolved "https://registry.yarnpkg.com/once/-/once-1.4.0.tgz#583b1aa775961d4b113ac17d9c50baef9dd76bd1"
  dependencies:
    wrappy "1"

process-nextick-args@~1.0.6:
  version "1.0.7"
  resolved "https://registry.yarnpkg.com/process-nextick-args/-/process-nextick-args-1.0.7.tgz#150e20b756590ad3f91093f25a4f2ad8bff30ba3"

prr@~0.0.0:
  version "0.0.0"
  resolved "https://registry.yarnpkg.com/prr/-/prr-0.0.0.tgz#1a84b85908325501411853d0081ee3fa86e2926a"

prr@~1.0.1:
  version "1.0.1"
  resolved "https://registry.yarnpkg.com/prr/-/prr-1.0.1.tgz#d3fc114ba06995a45ec6893f484ceb1d78f5f476"

pump@^1.0.1:
  version "1.0.2"
  resolved "https://registry.yarnpkg.com/pump/-/pump-1.0.2.tgz#3b3ee6512f94f0e575538c17995f9f16990a5d51"
  dependencies:
    end-of-stream "^1.1.0"
    once "^1.3.1"

"readable-stream@> 1.0.0 < 3.0.0", readable-stream@^2.2.10, readable-stream@^2.2.8:
  version "2.3.3"
  resolved "https://registry.yarnpkg.com/readable-stream/-/readable-stream-2.3.3.tgz#368f2512d79f9d46fdfc71349ae7878bbc1eb95c"
  dependencies:
    core-util-is "~1.0.0"
    inherits "~2.0.3"
    isarray "~1.0.0"
    process-nextick-args "~1.0.6"
    safe-buffer "~5.1.1"
    string_decoder "~1.0.3"
    util-deprecate "~1.0.1"

readable-stream@^1.0.33:
  version "1.1.14"
  resolved "https://registry.yarnpkg.com/readable-stream/-/readable-stream-1.1.14.tgz#7cf4c54ef648e3813084c636dd2079e166c081d9"
  dependencies:
    core-util-is "~1.0.0"
    inherits "~2.0.1"
    isarray "0.0.1"
    string_decoder "~0.10.x"

reusify@^1.0.0:
  version "1.0.3"
  resolved "https://registry.yarnpkg.com/reusify/-/reusify-1.0.3.tgz#9da7fc786f39400fd6809e3d694b3b28ecd0f38e"

safe-buffer@~5.1.0, safe-buffer@~5.1.1:
  version "5.1.1"
  resolved "https://registry.yarnpkg.com/safe-buffer/-/safe-buffer-5.1.1.tgz#893312af69b2123def71f57889001671eeb2c853"

semver@~5.4.1:
  version "5.4.1"
  resolved "https://registry.yarnpkg.com/semver/-/semver-5.4.1.tgz#e059c09d8571f0540823733433505d3a2f00b18e"

steed@^1.1.3:
  version "1.1.3"
  resolved "https://registry.yarnpkg.com/steed/-/steed-1.1.3.tgz#f1525dd5adb12eb21bf74749537668d625b9abc5"
  dependencies:
    fastfall "^1.5.0"
    fastparallel "^2.2.0"
    fastq "^1.3.0"
    fastseries "^1.7.0"
    reusify "^1.0.0"

string_decoder@~0.10.x:
  version "0.10.31"
  resolved "https://registry.yarnpkg.com/string_decoder/-/string_decoder-0.10.31.tgz#62e203bc41766c6c28c9fc84301dab1c5310fa94"

string_decoder@~1.0.3:
  version "1.0.3"
  resolved "https://registry.yarnpkg.com/string_decoder/-/string_decoder-1.0.3.tgz#0fc67d7c141825de94282dd536bec6b9bce860ab"
  dependencies:
    safe-buffer "~5.1.0"

util-deprecate@~1.0.1:
  version "1.0.2"
  resolved "https://registry.yarnpkg.com/util-deprecate/-/util-deprecate-1.0.2.tgz#450d4dc9fa70de732762fbd2d4a28981419a0ccf"

wrappy@1:
  version "1.0.2"
  resolved "https://registry.yarnpkg.com/wrappy/-/wrappy-1.0.2.tgz#b5243d8f3ec1aa35f1364605bc0d1036e30ab69f"

xtend@^4.0.0, xtend@^4.0.1, xtend@~4.0.0:
  version "4.0.1"
  resolved "https://registry.yarnpkg.com/xtend/-/xtend-4.0.1.tgz#a5c6d532be656e23db820efb943a1f04998d63af"
